
Microsoft Visual Studio Solution File, Format Version 12.00
# Visual Studio Version 16
VisualStudioVersion = 16.0.31613.86
MinimumVisualStudioVersion = 10.0.40219.1
Project("{FAE04EC0-301F-11D3-BF4B-00C04F79EFBC}") = "BraendiDog", "BraendiDog\BraendiDog.csproj", "{802CA051-A398-4FD3-9244-F4861F880418}"
EndProject
Global
	GlobalSection(SolutionConfigurationPlatforms) = preSolution
		Debug|Any CPU = Debug|Any CPU
		Release|Any CPU = Release|Any CPU
	EndGlobalSection
	GlobalSection(ProjectConfigurationPlatforms) = postSolution
		{802CA051-A398-4FD3-9244-F4861F880418}.Debug|Any CPU.ActiveCfg = Debug|Any CPU
		{802CA051-A398-4FD3-9244-F4861F880418}.Debug|Any CPU.Build.0 = Debug|Any CPU
		{802CA051-A398-4FD3-9244-F4861F880418}.Release|Any CPU.ActiveCfg = Release|Any CPU
		{802CA051-A398-4FD3-9244-F4861F880418}.Release|Any CPU.Build.0 = Release|Any CPU
	EndGlobalSection
	GlobalSection(SolutionProperties) = preSolution
		HideSolutionNode = FALSE
	EndGlobalSection
	GlobalSection(ExtensibilityGlobals) = postSolution
		SolutionGuid = {090544A1-ADE5-4293-BB3B-2A036FAD4336}
	EndGlobalSection
EndGlobal
